
Microsoft Visual Studio Solution File, Format Version 12.00
Project("{FAE04EC0-301F-11D3-BF4B-00C04F79EFBC}") = "AdminPanel", "AdminPanel\AdminPanel.csproj", "{051194B9-F581-498B-8F5D-1090BC2BEE2A}"
EndProject
Project("{FAE04EC0-301F-11D3-BF4B-00C04F79EFBC}") = "AdminPanel.Generic", "AdminPanel.Generic\AdminPanel.Generic.csproj", "{995A0553-C86F-4202-A996-50EAF1048D1D}"
EndProject
Global
	GlobalSection(SolutionConfigurationPlatforms) = preSolution
		Debug|Any CPU = Debug|Any CPU
		Release|Any CPU = Release|Any CPU
	EndGlobalSection
	GlobalSection(ProjectConfigurationPlatforms) = postSolution
		{051194B9-F581-498B-8F5D-1090BC2BEE2A}.Debug|Any CPU.ActiveCfg = Debug|Any CPU
		{051194B9-F581-498B-8F5D-1090BC2BEE2A}.Debug|Any CPU.Build.0 = Debug|Any CPU
		{051194B9-F581-498B-8F5D-1090BC2BEE2A}.Release|Any CPU.ActiveCfg = Release|Any CPU
		{051194B9-F581-498B-8F5D-1090BC2BEE2A}.Release|Any CPU.Build.0 = Release|Any CPU
		{995A0553-C86F-4202-A996-50EAF1048D1D}.Debug|Any CPU.ActiveCfg = Debug|Any CPU
		{995A0553-C86F-4202-A996-50EAF1048D1D}.Debug|Any CPU.Build.0 = Debug|Any CPU
		{995A0553-C86F-4202-A996-50EAF1048D1D}.Release|Any CPU.ActiveCfg = Release|Any CPU
		{995A0553-C86F-4202-A996-50EAF1048D1D}.Release|Any CPU.Build.0 = Release|Any CPU
	EndGlobalSection
EndGlobal
